
Microsoft Visual Studio Solution File, Format Version 12.00
# Visual Studio Version 17
VisualStudioVersion = 17.9.34728.123
MinimumVisualStudioVersion = 10.0.40219.1
Project("{9A19103F-16F7-4668-BE54-9A1E7A4F7556}") = "AuctionService", "AuctionService.csproj", "{45AF179F-7559-4A6E-833B-DA8C5B123AAB}"
EndProject
Global
	GlobalSection(SolutionConfigurationPlatforms) = preSolution
		Debug|Any CPU = Debug|Any CPU
		Release|Any CPU = Release|Any CPU
	EndGlobalSection
	GlobalSection(ProjectConfigurationPlatforms) = postSolution
		{45AF179F-7559-4A6E-833B-DA8C5B123AAB}.Debug|Any CPU.ActiveCfg = Debug|Any CPU
		{45AF179F-7559-4A6E-833B-DA8C5B123AAB}.Debug|Any CPU.Build.0 = Debug|Any CPU
		{45AF179F-7559-4A6E-833B-DA8C5B123AAB}.Release|Any CPU.ActiveCfg = Release|Any CPU
		{45AF179F-7559-4A6E-833B-DA8C5B123AAB}.Release|Any CPU.Build.0 = Release|Any CPU
	EndGlobalSection
	GlobalSection(SolutionProperties) = preSolution
		HideSolutionNode = FALSE
	EndGlobalSection
	GlobalSection(ExtensibilityGlobals) = postSolution
		SolutionGuid = {B46D7859-8250-40C5-8880-76F3DE5F14F7}
	EndGlobalSection
EndGlobal
